
Microsoft Visual Studio Solution File, Format Version 12.00
# Visual Studio 11
Project("{2150E333-8FDC-42A3-9474-1A3956D46DE8}") = "Production", "Production", "{5F4F68EC-96A0-4160-84B3-3C44F628EB68}"
EndProject
Project("{2150E333-8FDC-42A3-9474-1A3956D46DE8}") = "Tests", "Tests", "{9260B469-A9F1-4D07-A2BA-F57C2D5A16EB}"
EndProject
Project("{FAE04EC0-301F-11D3-BF4B-00C04F79EFBC}") = "Treacle", "Production\Treacle\Treacle.csproj", "{3673DD9A-0FC0-4D91-8ABE-E714324091C4}"
EndProject
Project("{2150E333-8FDC-42A3-9474-1A3956D46DE8}") = "Unit", "Unit", "{E317BB76-CBEE-4A92-BD17-872D043ACC4F}"
EndProject
Project("{2150E333-8FDC-42A3-9474-1A3956D46DE8}") = "Acceptance", "Acceptance", "{C4A31CE9-9499-452B-A0D9-287A6FDB1649}"
EndProject
Project("{FAE04EC0-301F-11D3-BF4B-00C04F79EFBC}") = "Treacle.Tests", "Tests\Unit\Treacle.Tests\Treacle.Tests.csproj", "{548877D0-7D4A-4011-8931-96CE0CA4647C}"
EndProject
Project("{2150E333-8FDC-42A3-9474-1A3956D46DE8}") = "Deployment", "Deployment", "{71752CB7-FB20-4B0B-8AD7-472F574BD060}"
EndProject
Project("{FAE04EC0-301F-11D3-BF4B-00C04F79EFBC}") = "Treacle.Tasks", "Deployment\Treacle.Tasks\Treacle.Tasks.csproj", "{666ACCB5-1B49-4D46-8FB6-E82448F061D3}"
EndProject
Project("{FAE04EC0-301F-11D3-BF4B-00C04F79EFBC}") = "Treacle.Acceptance", "Tests\Acceptance\Treacle.Acceptance\Treacle.Acceptance.csproj", "{46C97E8E-DDF0-4B98-A153-B5FBB3DCAC28}"
EndProject
Project("{2150E333-8FDC-42A3-9474-1A3956D46DE8}") = "TestDatabase", "TestDatabase", "{CC14CF27-557B-406D-8834-54BBDCB6F468}"
	ProjectSection(SolutionItems) = preProject
		Tests\TestDatabase\TestDatabase.mdf = Tests\TestDatabase\TestDatabase.mdf
	EndProjectSection
EndProject
Project("{FAE04EC0-301F-11D3-BF4B-00C04F79EFBC}") = "TestRepository", "Tests\TestDatabase\TestRepository\TestRepository.csproj", "{896A3E16-46C3-4AB0-A3F3-90AE7AA2A431}"
EndProject
Global
	GlobalSection(SolutionConfigurationPlatforms) = preSolution
		Debug|ARM = Debug|ARM
		Debug|Any CPU = Debug|Any CPU
		Debug|x64 = Debug|x64
		Debug|x86 = Debug|x86
		Release|ARM = Release|ARM
		Release|Any CPU = Release|Any CPU
		Release|x64 = Release|x64
		Release|x86 = Release|x86
	EndGlobalSection
	GlobalSection(ProjectConfigurationPlatforms) = postSolution
		{3673DD9A-0FC0-4D91-8ABE-E714324091C4}.Debug|ARM.ActiveCfg = Debug|Any CPU
		{3673DD9A-0FC0-4D91-8ABE-E714324091C4}.Debug|Any CPU.ActiveCfg = Debug|Any CPU
		{3673DD9A-0FC0-4D91-8ABE-E714324091C4}.Debug|Any CPU.Build.0 = Debug|Any CPU
		{3673DD9A-0FC0-4D91-8ABE-E714324091C4}.Debug|x64.ActiveCfg = Debug|Any CPU
		{3673DD9A-0FC0-4D91-8ABE-E714324091C4}.Debug|x86.ActiveCfg = Debug|Any CPU
		{3673DD9A-0FC0-4D91-8ABE-E714324091C4}.Release|ARM.ActiveCfg = Release|Any CPU
		{3673DD9A-0FC0-4D91-8ABE-E714324091C4}.Release|Any CPU.ActiveCfg = Release|Any CPU
		{3673DD9A-0FC0-4D91-8ABE-E714324091C4}.Release|Any CPU.Build.0 = Release|Any CPU
		{3673DD9A-0FC0-4D91-8ABE-E714324091C4}.Release|x64.ActiveCfg = Release|Any CPU
		{3673DD9A-0FC0-4D91-8ABE-E714324091C4}.Release|x86.ActiveCfg = Release|Any CPU
		{46C97E8E-DDF0-4B98-A153-B5FBB3DCAC28}.Debug|ARM.ActiveCfg = Debug|Any CPU
		{46C97E8E-DDF0-4B98-A153-B5FBB3DCAC28}.Debug|Any CPU.ActiveCfg = Debug|Any CPU
		{46C97E8E-DDF0-4B98-A153-B5FBB3DCAC28}.Debug|Any CPU.Build.0 = Debug|Any CPU
		{46C97E8E-DDF0-4B98-A153-B5FBB3DCAC28}.Debug|x64.ActiveCfg = Debug|Any CPU
		{46C97E8E-DDF0-4B98-A153-B5FBB3DCAC28}.Debug|x86.ActiveCfg = Debug|Any CPU
		{46C97E8E-DDF0-4B98-A153-B5FBB3DCAC28}.Release|ARM.ActiveCfg = Release|Any CPU
		{46C97E8E-DDF0-4B98-A153-B5FBB3DCAC28}.Release|Any CPU.ActiveCfg = Release|Any CPU
		{46C97E8E-DDF0-4B98-A153-B5FBB3DCAC28}.Release|Any CPU.Build.0 = Release|Any CPU
		{46C97E8E-DDF0-4B98-A153-B5FBB3DCAC28}.Release|x64.ActiveCfg = Release|Any CPU
		{46C97E8E-DDF0-4B98-A153-B5FBB3DCAC28}.Release|x86.ActiveCfg = Release|Any CPU
		{548877D0-7D4A-4011-8931-96CE0CA4647C}.Debug|ARM.ActiveCfg = Debug|Any CPU
		{548877D0-7D4A-4011-8931-96CE0CA4647C}.Debug|Any CPU.ActiveCfg = Debug|Any CPU
		{548877D0-7D4A-4011-8931-96CE0CA4647C}.Debug|Any CPU.Build.0 = Debug|Any CPU
		{548877D0-7D4A-4011-8931-96CE0CA4647C}.Debug|x64.ActiveCfg = Debug|Any CPU
		{548877D0-7D4A-4011-8931-96CE0CA4647C}.Debug|x86.ActiveCfg = Debug|Any CPU
		{548877D0-7D4A-4011-8931-96CE0CA4647C}.Release|ARM.ActiveCfg = Release|Any CPU
		{548877D0-7D4A-4011-8931-96CE0CA4647C}.Release|Any CPU.ActiveCfg = Release|Any CPU
		{548877D0-7D4A-4011-8931-96CE0CA4647C}.Release|Any CPU.Build.0 = Release|Any CPU
		{548877D0-7D4A-4011-8931-96CE0CA4647C}.Release|x64.ActiveCfg = Release|Any CPU
		{548877D0-7D4A-4011-8931-96CE0CA4647C}.Release|x86.ActiveCfg = Release|Any CPU
		{666ACCB5-1B49-4D46-8FB6-E82448F061D3}.Debug|ARM.ActiveCfg = Debug|Any CPU
		{666ACCB5-1B49-4D46-8FB6-E82448F061D3}.Debug|Any CPU.ActiveCfg = Debug|Any CPU
		{666ACCB5-1B49-4D46-8FB6-E82448F061D3}.Debug|Any CPU.Build.0 = Debug|Any CPU
		{666ACCB5-1B49-4D46-8FB6-E82448F061D3}.Debug|x64.ActiveCfg = Debug|Any CPU
		{666ACCB5-1B49-4D46-8FB6-E82448F061D3}.Debug|x86.ActiveCfg = Debug|Any CPU
		{666ACCB5-1B49-4D46-8FB6-E82448F061D3}.Release|ARM.ActiveCfg = Release|Any CPU
		{666ACCB5-1B49-4D46-8FB6-E82448F061D3}.Release|Any CPU.ActiveCfg = Release|Any CPU
		{666ACCB5-1B49-4D46-8FB6-E82448F061D3}.Release|Any CPU.Build.0 = Release|Any CPU
		{666ACCB5-1B49-4D46-8FB6-E82448F061D3}.Release|x64.ActiveCfg = Release|Any CPU
		{666ACCB5-1B49-4D46-8FB6-E82448F061D3}.Release|x86.ActiveCfg = Release|Any CPU
		{896A3E16-46C3-4AB0-A3F3-90AE7AA2A431}.Debug|ARM.ActiveCfg = Debug|Any CPU
		{896A3E16-46C3-4AB0-A3F3-90AE7AA2A431}.Debug|Any CPU.ActiveCfg = Debug|Any CPU
		{896A3E16-46C3-4AB0-A3F3-90AE7AA2A431}.Debug|Any CPU.Build.0 = Debug|Any CPU
		{896A3E16-46C3-4AB0-A3F3-90AE7AA2A431}.Debug|x64.ActiveCfg = Debug|Any CPU
		{896A3E16-46C3-4AB0-A3F3-90AE7AA2A431}.Debug|x86.ActiveCfg = Debug|Any CPU
		{896A3E16-46C3-4AB0-A3F3-90AE7AA2A431}.Release|ARM.ActiveCfg = Release|Any CPU
		{896A3E16-46C3-4AB0-A3F3-90AE7AA2A431}.Release|Any CPU.ActiveCfg = Release|Any CPU
		{896A3E16-46C3-4AB0-A3F3-90AE7AA2A431}.Release|Any CPU.Build.0 = Release|Any CPU
		{896A3E16-46C3-4AB0-A3F3-90AE7AA2A431}.Release|x64.ActiveCfg = Release|Any CPU
		{896A3E16-46C3-4AB0-A3F3-90AE7AA2A431}.Release|x86.ActiveCfg = Release|Any CPU
	EndGlobalSection
	GlobalSection(SolutionProperties) = preSolution
		HideSolutionNode = FALSE
	EndGlobalSection
	GlobalSection(NestedProjects) = preSolution
		{3673DD9A-0FC0-4D91-8ABE-E714324091C4} = {5F4F68EC-96A0-4160-84B3-3C44F628EB68}
		{46C97E8E-DDF0-4B98-A153-B5FBB3DCAC28} = {C4A31CE9-9499-452B-A0D9-287A6FDB1649}
		{548877D0-7D4A-4011-8931-96CE0CA4647C} = {E317BB76-CBEE-4A92-BD17-872D043ACC4F}
		{666ACCB5-1B49-4D46-8FB6-E82448F061D3} = {71752CB7-FB20-4B0B-8AD7-472F574BD060}
		{896A3E16-46C3-4AB0-A3F3-90AE7AA2A431} = {CC14CF27-557B-406D-8834-54BBDCB6F468}
		{C4A31CE9-9499-452B-A0D9-287A6FDB1649} = {9260B469-A9F1-4D07-A2BA-F57C2D5A16EB}
		{CC14CF27-557B-406D-8834-54BBDCB6F468} = {9260B469-A9F1-4D07-A2BA-F57C2D5A16EB}
		{E317BB76-CBEE-4A92-BD17-872D043ACC4F} = {9260B469-A9F1-4D07-A2BA-F57C2D5A16EB}
	EndGlobalSection
EndGlobal
